
Microsoft Visual Studio Solution File, Format Version 12.00
# Visual Studio Version 17
VisualStudioVersion = 17.8.34525.116
MinimumVisualStudioVersion = 10.0.40219.1
Project("{FAE04EC0-301F-11D3-BF4B-00C04F79EFBC}") = "TheDeepEnd", "TheDeepEnd.csproj", "{DE46BE09-5E0F-4AF0-A3EE-456D818F1302}"
EndProject
Global
	GlobalSection(SolutionConfigurationPlatforms) = preSolution
		Debug|Any CPU = Debug|Any CPU
		Release|Any CPU = Release|Any CPU
	EndGlobalSection
	GlobalSection(ProjectConfigurationPlatforms) = postSolution
		{DE46BE09-5E0F-4AF0-A3EE-456D818F1302}.Debug|Any CPU.ActiveCfg = Debug|Any CPU
		{DE46BE09-5E0F-4AF0-A3EE-456D818F1302}.Debug|Any CPU.Build.0 = Debug|Any CPU
		{DE46BE09-5E0F-4AF0-A3EE-456D818F1302}.Release|Any CPU.ActiveCfg = Release|Any CPU
		{DE46BE09-5E0F-4AF0-A3EE-456D818F1302}.Release|Any CPU.Build.0 = Release|Any CPU
	EndGlobalSection
	GlobalSection(SolutionProperties) = preSolution
		HideSolutionNode = FALSE
	EndGlobalSection
	GlobalSection(ExtensibilityGlobals) = postSolution
		SolutionGuid = {BEF477AB-9031-4A73-8841-B764516AD35F}
	EndGlobalSection
EndGlobal
